
Microsoft Visual Studio Solution File, Format Version 12.00
# Visual Studio Version 16
VisualStudioVersion = 16.0.30907.101
MinimumVisualStudioVersion = 10.0.40219.1
Project("{FAE04EC0-301F-11D3-BF4B-00C04F79EFBC}") = "ContactInfo", "ContactInfo\ContactInfo.csproj", "{C96FCDAB-193B-4CF7-8628-9D248A6C469C}"
EndProject
Global
	GlobalSection(SolutionConfigurationPlatforms) = preSolution
		Debug|Any CPU = Debug|Any CPU
		Release|Any CPU = Release|Any CPU
	EndGlobalSection
	GlobalSection(ProjectConfigurationPlatforms) = postSolution
		{C96FCDAB-193B-4CF7-8628-9D248A6C469C}.Debug|Any CPU.ActiveCfg = Debug|Any CPU
		{C96FCDAB-193B-4CF7-8628-9D248A6C469C}.Debug|Any CPU.Build.0 = Debug|Any CPU
		{C96FCDAB-193B-4CF7-8628-9D248A6C469C}.Release|Any CPU.ActiveCfg = Release|Any CPU
		{C96FCDAB-193B-4CF7-8628-9D248A6C469C}.Release|Any CPU.Build.0 = Release|Any CPU
	EndGlobalSection
	GlobalSection(SolutionProperties) = preSolution
		HideSolutionNode = FALSE
	EndGlobalSection
	GlobalSection(ExtensibilityGlobals) = postSolution
		SolutionGuid = {46CEF856-68D3-4D95-BCD4-10FB0EAF0CB2}
	EndGlobalSection
EndGlobal
