
Microsoft Visual Studio Solution File, Format Version 12.00
# Visual Studio Version 16
VisualStudioVersion = 16.0.30907.101
MinimumVisualStudioVersion = 10.0.40219.1
Project("{FAE04EC0-301F-11D3-BF4B-00C04F79EFBC}") = "Transaction", "Transaction\Transaction.csproj", "{D02C94D8-8FB4-4CB3-85C3-8AA751665E43}"
EndProject
Global
	GlobalSection(SolutionConfigurationPlatforms) = preSolution
		Debug|Any CPU = Debug|Any CPU
		Release|Any CPU = Release|Any CPU
	EndGlobalSection
	GlobalSection(ProjectConfigurationPlatforms) = postSolution
		{D02C94D8-8FB4-4CB3-85C3-8AA751665E43}.Debug|Any CPU.ActiveCfg = Debug|Any CPU
		{D02C94D8-8FB4-4CB3-85C3-8AA751665E43}.Debug|Any CPU.Build.0 = Debug|Any CPU
		{D02C94D8-8FB4-4CB3-85C3-8AA751665E43}.Release|Any CPU.ActiveCfg = Release|Any CPU
		{D02C94D8-8FB4-4CB3-85C3-8AA751665E43}.Release|Any CPU.Build.0 = Release|Any CPU
	EndGlobalSection
	GlobalSection(SolutionProperties) = preSolution
		HideSolutionNode = FALSE
	EndGlobalSection
	GlobalSection(ExtensibilityGlobals) = postSolution
		SolutionGuid = {1BD7B477-7206-4B16-B9F7-FBE955AB0AF5}
	EndGlobalSection
EndGlobal
